
Microsoft Visual Studio Solution File, Format Version 12.00
# Visual Studio 14
VisualStudioVersion = 14.0.23107.0
MinimumVisualStudioVersion = 10.0.40219.1
Project("{FAE04EC0-301F-11D3-BF4B-00C04F79EFBC}") = "Vote", "Vote\Vote.csproj", "{FFE839FE-9FDD-42A5-857F-562166A31BBC}"
EndProject
Project("{FAE04EC0-301F-11D3-BF4B-00C04F79EFBC}") = "Vote.Tests", "Vote.Tests\Vote.Tests.csproj", "{261EC0C2-5E17-44E0-AC7F-A611E3B7E479}"
EndProject
Project("{FAE04EC0-301F-11D3-BF4B-00C04F79EFBC}") = "Vote.Repository", "Vote.DAL\Vote.Repository.csproj", "{C2AA202A-D2A6-4694-A001-98817C5FA940}"
EndProject
Project("{FAE04EC0-301F-11D3-BF4B-00C04F79EFBC}") = "Vote.Discovery_Service", "Vote.Discovery_Service\Vote.Discovery_Service.csproj", "{21D68238-5D1C-4FB5-BDFF-EDFC913C5F4E}"
EndProject
Global
	GlobalSection(SolutionConfigurationPlatforms) = preSolution
		Debug|Any CPU = Debug|Any CPU
		Release|Any CPU = Release|Any CPU
	EndGlobalSection
	GlobalSection(ProjectConfigurationPlatforms) = postSolution
		{FFE839FE-9FDD-42A5-857F-562166A31BBC}.Debug|Any CPU.ActiveCfg = Debug|Any CPU
		{FFE839FE-9FDD-42A5-857F-562166A31BBC}.Debug|Any CPU.Build.0 = Debug|Any CPU
		{FFE839FE-9FDD-42A5-857F-562166A31BBC}.Release|Any CPU.ActiveCfg = Release|Any CPU
		{FFE839FE-9FDD-42A5-857F-562166A31BBC}.Release|Any CPU.Build.0 = Release|Any CPU
		{261EC0C2-5E17-44E0-AC7F-A611E3B7E479}.Debug|Any CPU.ActiveCfg = Debug|Any CPU
		{261EC0C2-5E17-44E0-AC7F-A611E3B7E479}.Debug|Any CPU.Build.0 = Debug|Any CPU
		{261EC0C2-5E17-44E0-AC7F-A611E3B7E479}.Release|Any CPU.ActiveCfg = Release|Any CPU
		{261EC0C2-5E17-44E0-AC7F-A611E3B7E479}.Release|Any CPU.Build.0 = Release|Any CPU
		{C2AA202A-D2A6-4694-A001-98817C5FA940}.Debug|Any CPU.ActiveCfg = Debug|Any CPU
		{C2AA202A-D2A6-4694-A001-98817C5FA940}.Debug|Any CPU.Build.0 = Debug|Any CPU
		{C2AA202A-D2A6-4694-A001-98817C5FA940}.Release|Any CPU.ActiveCfg = Release|Any CPU
		{C2AA202A-D2A6-4694-A001-98817C5FA940}.Release|Any CPU.Build.0 = Release|Any CPU
		{21D68238-5D1C-4FB5-BDFF-EDFC913C5F4E}.Debug|Any CPU.ActiveCfg = Debug|Any CPU
		{21D68238-5D1C-4FB5-BDFF-EDFC913C5F4E}.Debug|Any CPU.Build.0 = Debug|Any CPU
		{21D68238-5D1C-4FB5-BDFF-EDFC913C5F4E}.Release|Any CPU.ActiveCfg = Release|Any CPU
		{21D68238-5D1C-4FB5-BDFF-EDFC913C5F4E}.Release|Any CPU.Build.0 = Release|Any CPU
	EndGlobalSection
	GlobalSection(SolutionProperties) = preSolution
		HideSolutionNode = FALSE
	EndGlobalSection
	GlobalSection(ExtensibilityGlobals) = postSolution
		EnterpriseLibraryConfigurationToolBinariesPathV6 = packages\EnterpriseLibrary.Common.6.0.1304.0\lib\NET45;packages\EnterpriseLibrary.Data.6.0.1304.0\lib\NET45
	EndGlobalSection
EndGlobal
